
Microsoft Visual Studio Solution File, Format Version 12.00
# Visual Studio Version 16
VisualStudioVersion = 16.0.31729.503
MinimumVisualStudioVersion = 10.0.40219.1
Project("{9A19103F-16F7-4668-BE54-9A1E7A4F7556}") = "For20", "For20\For20.csproj", "{9B4DD28F-E74F-4D9F-912D-5EE245DE960F}"
EndProject
Project("{9A19103F-16F7-4668-BE54-9A1E7A4F7556}") = "Fibonacci Recursion", "Fibonacci Recursion\Fibonacci Recursion.csproj", "{4E88D65A-8822-4ACE-9722-EC5916D1154F}"
EndProject
Project("{9A19103F-16F7-4668-BE54-9A1E7A4F7556}") = "For30", "For30\For30.csproj", "{0E84C9D0-7B27-429D-A824-CFE6BCF31A46}"
EndProject
Project("{9A19103F-16F7-4668-BE54-9A1E7A4F7556}") = "For26", "For26\For26.csproj", "{326BCDE4-40C0-430A-B5E2-E406B6916566}"
EndProject
Project("{9A19103F-16F7-4668-BE54-9A1E7A4F7556}") = "BubbleSort", "BubbleSort\BubbleSort.csproj", "{9DD25369-DD68-4012-AC48-CF15F59333C7}"
EndProject
Project("{FAE04EC0-301F-11D3-BF4B-00C04F79EFBC}") = "Array2", "Array2\Array2.csproj", "{FF110E6B-FAD5-48D1-BFBF-81D25639AFCF}"
EndProject
Global
	GlobalSection(SolutionConfigurationPlatforms) = preSolution
		Debug|Any CPU = Debug|Any CPU
		Release|Any CPU = Release|Any CPU
	EndGlobalSection
	GlobalSection(ProjectConfigurationPlatforms) = postSolution
		{9B4DD28F-E74F-4D9F-912D-5EE245DE960F}.Debug|Any CPU.ActiveCfg = Debug|Any CPU
		{9B4DD28F-E74F-4D9F-912D-5EE245DE960F}.Debug|Any CPU.Build.0 = Debug|Any CPU
		{9B4DD28F-E74F-4D9F-912D-5EE245DE960F}.Release|Any CPU.ActiveCfg = Release|Any CPU
		{9B4DD28F-E74F-4D9F-912D-5EE245DE960F}.Release|Any CPU.Build.0 = Release|Any CPU
		{4E88D65A-8822-4ACE-9722-EC5916D1154F}.Debug|Any CPU.ActiveCfg = Debug|Any CPU
		{4E88D65A-8822-4ACE-9722-EC5916D1154F}.Debug|Any CPU.Build.0 = Debug|Any CPU
		{4E88D65A-8822-4ACE-9722-EC5916D1154F}.Release|Any CPU.ActiveCfg = Release|Any CPU
		{4E88D65A-8822-4ACE-9722-EC5916D1154F}.Release|Any CPU.Build.0 = Release|Any CPU
		{0E84C9D0-7B27-429D-A824-CFE6BCF31A46}.Debug|Any CPU.ActiveCfg = Debug|Any CPU
		{0E84C9D0-7B27-429D-A824-CFE6BCF31A46}.Debug|Any CPU.Build.0 = Debug|Any CPU
		{0E84C9D0-7B27-429D-A824-CFE6BCF31A46}.Release|Any CPU.ActiveCfg = Release|Any CPU
		{0E84C9D0-7B27-429D-A824-CFE6BCF31A46}.Release|Any CPU.Build.0 = Release|Any CPU
		{326BCDE4-40C0-430A-B5E2-E406B6916566}.Debug|Any CPU.ActiveCfg = Debug|Any CPU
		{326BCDE4-40C0-430A-B5E2-E406B6916566}.Debug|Any CPU.Build.0 = Debug|Any CPU
		{326BCDE4-40C0-430A-B5E2-E406B6916566}.Release|Any CPU.ActiveCfg = Release|Any CPU
		{326BCDE4-40C0-430A-B5E2-E406B6916566}.Release|Any CPU.Build.0 = Release|Any CPU
		{9DD25369-DD68-4012-AC48-CF15F59333C7}.Debug|Any CPU.ActiveCfg = Debug|Any CPU
		{9DD25369-DD68-4012-AC48-CF15F59333C7}.Debug|Any CPU.Build.0 = Debug|Any CPU
		{9DD25369-DD68-4012-AC48-CF15F59333C7}.Release|Any CPU.ActiveCfg = Release|Any CPU
		{9DD25369-DD68-4012-AC48-CF15F59333C7}.Release|Any CPU.Build.0 = Release|Any CPU
		{FF110E6B-FAD5-48D1-BFBF-81D25639AFCF}.Debug|Any CPU.ActiveCfg = Debug|Any CPU
		{FF110E6B-FAD5-48D1-BFBF-81D25639AFCF}.Debug|Any CPU.Build.0 = Debug|Any CPU
		{FF110E6B-FAD5-48D1-BFBF-81D25639AFCF}.Release|Any CPU.ActiveCfg = Release|Any CPU
		{FF110E6B-FAD5-48D1-BFBF-81D25639AFCF}.Release|Any CPU.Build.0 = Release|Any CPU
	EndGlobalSection
	GlobalSection(SolutionProperties) = preSolution
		HideSolutionNode = FALSE
	EndGlobalSection
	GlobalSection(ExtensibilityGlobals) = postSolution
		SolutionGuid = {BDF2C09E-1C38-4D2E-87B5-B0070A68B0A9}
	EndGlobalSection
EndGlobal
